
Microsoft Visual Studio Solution File, Format Version 12.00
# Visual Studio Version 17
VisualStudioVersion = 17.5.33516.290
MinimumVisualStudioVersion = 10.0.40219.1
Project("{FAE04EC0-301F-11D3-BF4B-00C04F79EFBC}") = "Programa10_05", "Programa10_05\Programa10_05.csproj", "{C6388931-E594-4299-BA94-145D8B434680}"
EndProject
Global
	GlobalSection(SolutionConfigurationPlatforms) = preSolution
		Debug|Any CPU = Debug|Any CPU
		Release|Any CPU = Release|Any CPU
	EndGlobalSection
	GlobalSection(ProjectConfigurationPlatforms) = postSolution
		{C6388931-E594-4299-BA94-145D8B434680}.Debug|Any CPU.ActiveCfg = Debug|Any CPU
		{C6388931-E594-4299-BA94-145D8B434680}.Debug|Any CPU.Build.0 = Debug|Any CPU
		{C6388931-E594-4299-BA94-145D8B434680}.Release|Any CPU.ActiveCfg = Release|Any CPU
		{C6388931-E594-4299-BA94-145D8B434680}.Release|Any CPU.Build.0 = Release|Any CPU
	EndGlobalSection
	GlobalSection(SolutionProperties) = preSolution
		HideSolutionNode = FALSE
	EndGlobalSection
	GlobalSection(ExtensibilityGlobals) = postSolution
		SolutionGuid = {E1CDA68A-F909-4C86-814A-1BDE4A7E5D60}
	EndGlobalSection
EndGlobal
