
Microsoft Visual Studio Solution File, Format Version 12.00
# Visual Studio Version 17
VisualStudioVersion = 17.5.33516.290
MinimumVisualStudioVersion = 10.0.40219.1
Project("{FAE04EC0-301F-11D3-BF4B-00C04F79EFBC}") = "Programa10_06", "Programa10_06\Programa10_06.csproj", "{F8F9B4E4-9E9C-4958-912A-ABA7A87EE394}"
EndProject
Global
	GlobalSection(SolutionConfigurationPlatforms) = preSolution
		Debug|Any CPU = Debug|Any CPU
		Release|Any CPU = Release|Any CPU
	EndGlobalSection
	GlobalSection(ProjectConfigurationPlatforms) = postSolution
		{F8F9B4E4-9E9C-4958-912A-ABA7A87EE394}.Debug|Any CPU.ActiveCfg = Debug|Any CPU
		{F8F9B4E4-9E9C-4958-912A-ABA7A87EE394}.Debug|Any CPU.Build.0 = Debug|Any CPU
		{F8F9B4E4-9E9C-4958-912A-ABA7A87EE394}.Release|Any CPU.ActiveCfg = Release|Any CPU
		{F8F9B4E4-9E9C-4958-912A-ABA7A87EE394}.Release|Any CPU.Build.0 = Release|Any CPU
	EndGlobalSection
	GlobalSection(SolutionProperties) = preSolution
		HideSolutionNode = FALSE
	EndGlobalSection
	GlobalSection(ExtensibilityGlobals) = postSolution
		SolutionGuid = {F4EF87C0-CCF5-4922-AC4A-BC9CB478BDC4}
	EndGlobalSection
EndGlobal
