
Microsoft Visual Studio Solution File, Format Version 12.00
# Visual Studio Version 17
VisualStudioVersion = 17.1.32228.430
MinimumVisualStudioVersion = 10.0.40219.1
Project("{FAE04EC0-301F-11D3-BF4B-00C04F79EFBC}") = "Calculadora 2", "Calculadora 2\Calculadora 2.csproj", "{3B0E5BFC-C605-4277-9D78-27C1BE65E4C4}"
EndProject
Global
	GlobalSection(SolutionConfigurationPlatforms) = preSolution
		Debug|Any CPU = Debug|Any CPU
		Release|Any CPU = Release|Any CPU
	EndGlobalSection
	GlobalSection(ProjectConfigurationPlatforms) = postSolution
		{3B0E5BFC-C605-4277-9D78-27C1BE65E4C4}.Debug|Any CPU.ActiveCfg = Debug|Any CPU
		{3B0E5BFC-C605-4277-9D78-27C1BE65E4C4}.Debug|Any CPU.Build.0 = Debug|Any CPU
		{3B0E5BFC-C605-4277-9D78-27C1BE65E4C4}.Release|Any CPU.ActiveCfg = Release|Any CPU
		{3B0E5BFC-C605-4277-9D78-27C1BE65E4C4}.Release|Any CPU.Build.0 = Release|Any CPU
	EndGlobalSection
	GlobalSection(SolutionProperties) = preSolution
		HideSolutionNode = FALSE
	EndGlobalSection
	GlobalSection(ExtensibilityGlobals) = postSolution
		SolutionGuid = {FAE83038-71F7-4968-AEF5-10E4E31E420D}
	EndGlobalSection
EndGlobal
